{
  "version": 4,
  "terraform_version": "1.9.7",
  "serial": 7,
  "lineage": "7ca3b9af-2a8e-99f7-390a-f7636ace2012",
  "outputs": {},
  "resources": [
    {
      "mode": "managed",
      "type": "spotify_playlist",
      "name": "Full_Vibe_Telugu",
      "provider": "provider[\"registry.terraform.io/conradludgate/spotify\"]",
      "instances": [
        {
          "schema_version": 0,
          "attributes": {
            "description": "Purely male alone chilling mode beats",
            "id": "1HKIenSHfgraPESwVejwzM",
            "name": "Full Vibe Songs By Alamanda Bhaskar",
            "public": true,
            "snapshot_id": "AAAAAmeGwRm0XyeYuzdNSYBWJfeLswM1",
            "tracks": [
              "68ie7XpZlLTB9HM9ri9YSG",
              "5z2QHBeHThZ4l8EtRQzQoJ",
              "5E68CmEBJp76VtnhpHndjK",
              "4nQTjFHjgznhXpW2j3bu9Y",
              "2ae6PxICSOZHvjqiCcgon8",
              "0XqQWA4VwXKjEFeVPauCva",
              "5RK30dSthOnV0xUWprNlxF",
              "2AQnCp2mXTShYbQKZmyTq7",
              "1SUTkKC4IExRMDYF7Knssb",
              "5Vhm92XrsXw5SfFYnxxspt",
              "6VbmeIWTbNHM5uqoW7GTE4"
            ]
          },
          "sensitive_attributes": [],
          "private": "bnVsbA=="
        }
      ]
    }
  ],
  "check_results": null
}
